
Microsoft Visual Studio Solution File, Format Version 12.00
# Visual Studio 14
VisualStudioVersion = 14.0.23107.0
MinimumVisualStudioVersion = 10.0.40219.1
Project("{FAE04EC0-301F-11D3-BF4B-00C04F79EFBC}") = "Nano", "Nano\Nano.csproj", "{88DF38E2-9D22-4177-B8B5-B05F2DE5DCA4}"
EndProject
Project("{D954291E-2A0B-460D-934E-DC6B0785DB48}") = "Nano.Demo", "Nano.Demo\Nano.Demo.shproj", "{117D91C6-84C7-4302-B7FE-7CBDD2CA0BC0}"
EndProject
Project("{FAE04EC0-301F-11D3-BF4B-00C04F79EFBC}") = "Nano.Demo.SelfHost.Console", "Nano.Demo.SelfHost.Console\Nano.Demo.SelfHost.Console.csproj", "{1230418D-8ED5-47EF-9678-0A8FCECAB738}"
EndProject
Global
	GlobalSection(SharedMSBuildProjectFiles) = preSolution
		Nano.Demo\Nano.Demo.projitems*{1230418d-8ed5-47ef-9678-0a8fcecab738}*SharedItemsImports = 4
		Nano.Demo\Nano.Demo.projitems*{117d91c6-84c7-4302-b7fe-7cbdd2ca0bc0}*SharedItemsImports = 13
	EndGlobalSection
	GlobalSection(SolutionConfigurationPlatforms) = preSolution
		Debug|Any CPU = Debug|Any CPU
		Release|Any CPU = Release|Any CPU
	EndGlobalSection
	GlobalSection(ProjectConfigurationPlatforms) = postSolution
		{88DF38E2-9D22-4177-B8B5-B05F2DE5DCA4}.Debug|Any CPU.ActiveCfg = Debug|Any CPU
		{88DF38E2-9D22-4177-B8B5-B05F2DE5DCA4}.Debug|Any CPU.Build.0 = Debug|Any CPU
		{88DF38E2-9D22-4177-B8B5-B05F2DE5DCA4}.Release|Any CPU.ActiveCfg = Release|Any CPU
		{88DF38E2-9D22-4177-B8B5-B05F2DE5DCA4}.Release|Any CPU.Build.0 = Release|Any CPU
		{1230418D-8ED5-47EF-9678-0A8FCECAB738}.Debug|Any CPU.ActiveCfg = Debug|Any CPU
		{1230418D-8ED5-47EF-9678-0A8FCECAB738}.Debug|Any CPU.Build.0 = Debug|Any CPU
		{1230418D-8ED5-47EF-9678-0A8FCECAB738}.Release|Any CPU.ActiveCfg = Release|Any CPU
		{1230418D-8ED5-47EF-9678-0A8FCECAB738}.Release|Any CPU.Build.0 = Release|Any CPU
	EndGlobalSection
	GlobalSection(SolutionProperties) = preSolution
		HideSolutionNode = FALSE
	EndGlobalSection
EndGlobal
